{
  "name": "@essium-llc/lib-xenqu-nodejs",
  "version": "1.3.0",
  "lockfileVersion": 2,
  "requires": true,
  "packages": {
    "": {
      "name": "@essium-llc/lib-xenqu-nodejs",
      "version": "1.3.0",
      "license": "GPL-3.0",
      "dependencies": {
        "cross-fetch": "^3.1.4",
        "json-web-token": "^3.2.0",
        "typescript": "^4.8.4",
        "underscore": "^1.13.1"
      },
      "devDependencies": {
        "@types/jsonwebtoken": "^8.5.0",
        "dotenv": "^16.0.3",
        "es6-promise": "^4.2.8"
      }
    },
    "node_modules/@types/jsonwebtoken": {
      "version": "8.5.5",
      "resolved": "https://registry.npmjs.org/@types/jsonwebtoken/-/jsonwebtoken-8.5.5.tgz",
      "integrity": "sha512-OGqtHQ7N5/Ap/TUwO6IgHDuLiAoTmHhGpNvgkCm/F4N6pKzx/RBSfr2OXZSwC6vkfnsEdb6+7DNZVtiXiwdwFw==",
      "dev": true,
      "dependencies": {
        "@types/node": "*"
      }
    },
    "node_modules/@types/node": {
      "version": "16.10.2",
      "resolved": "https://registry.npmjs.org/@types/node/-/node-16.10.2.tgz",
      "integrity": "sha512-zCclL4/rx+W5SQTzFs9wyvvyCwoK9QtBpratqz2IYJ3O8Umrn0m3nsTv0wQBk9sRGpvUe9CwPDrQFB10f1FIjQ==",
      "dev": true
    },
    "node_modules/base64-url": {
      "version": "2.3.3",
      "resolved": "https://registry.npmjs.org/base64-url/-/base64-url-2.3.3.tgz",
      "integrity": "sha512-dLMhIsK7OplcDauDH/tZLvK7JmUZK3A7KiQpjNzsBrM6Etw7hzNI1tLEywqJk9NnwkgWuFKSlx/IUO7vF6Mo8Q==",
      "engines": {
        "node": ">=6"
      }
    },
    "node_modules/cross-fetch": {
      "version": "3.1.5",
      "resolved": "https://registry.npmjs.org/cross-fetch/-/cross-fetch-3.1.5.tgz",
      "integrity": "sha512-lvb1SBsI0Z7GDwmuid+mU3kWVBwTVUbe7S0H52yaaAdQOXq2YktTCZdlAcNKFzE6QtRz0snpw9bNiPeOIkkQvw==",
      "dependencies": {
        "node-fetch": "2.6.7"
      }
    },
    "node_modules/dotenv": {
      "version": "16.0.3",
      "resolved": "https://registry.npmjs.org/dotenv/-/dotenv-16.0.3.tgz",
      "integrity": "sha512-7GO6HghkA5fYG9TYnNxi14/7K9f5occMlp3zXAuSxn7CKCxt9xbNWG7yF8hTCSUchlfWSe3uLmlPfigevRItzQ==",
      "dev": true,
      "engines": {
        "node": ">=12"
      }
    },
    "node_modules/es6-promise": {
      "version": "4.2.8",
      "resolved": "https://registry.npmjs.org/es6-promise/-/es6-promise-4.2.8.tgz",
      "integrity": "sha512-HJDGx5daxeIvxdBxvG2cb9g4tEvwIk3i8+nhX0yGrYmZUzbkdg8QbDevheDB8gd0//uPj4c1EQua8Q+MViT0/w==",
      "dev": true
    },
    "node_modules/is.object": {
      "version": "1.0.0",
      "resolved": "https://registry.npmjs.org/is.object/-/is.object-1.0.0.tgz",
      "integrity": "sha512-BdDP6tLXkf0nrCnksLobALJxkt2hmrVL6ge1oRuzGU4Lb9NpreEbhhuCcY6HMzx/qo3Dff9DJ3jf0x9+U0bNMQ==",
      "engines": {
        "node": ">=6.1"
      }
    },
    "node_modules/json-parse-safe": {
      "version": "2.0.0",
      "resolved": "https://registry.npmjs.org/json-parse-safe/-/json-parse-safe-2.0.0.tgz",
      "integrity": "sha512-aK7Ccg46n9JkRil/M5s8ytNP9wk0Tc0TsTDVMOYxB2cGsL7XFJ1vfWsurkVZy6zR55KZ+2SWHEuzQeZK4PH6lg==",
      "engines": {
        "node": ">=6"
      }
    },
    "node_modules/json-web-token": {
      "version": "3.2.0",
      "resolved": "https://registry.npmjs.org/json-web-token/-/json-web-token-3.2.0.tgz",
      "integrity": "sha512-y+zDkON17Zk7X3Hf0Rv04k8N7cP1GDRonLLL7WkdnlHl1ur2hwta4MYzxG8nWhQWRBNlIp1erszhmo/65RSTIw==",
      "dependencies": {
        "base64-url": "^2.3.2",
        "is.object": "^1.0.0",
        "json-parse-safe": "^2.0.0",
        "xtend": "^4.0.2"
      }
    },
    "node_modules/node-fetch": {
      "version": "2.6.7",
      "resolved": "https://registry.npmjs.org/node-fetch/-/node-fetch-2.6.7.tgz",
      "integrity": "sha512-ZjMPFEfVx5j+y2yF35Kzx5sF7kDzxuDj6ziH4FFbOp87zKDZNx8yExJIb05OGF4Nlt9IHFIMBkRl41VdvcNdbQ==",
      "dependencies": {
        "whatwg-url": "^5.0.0"
      },
      "engines": {
        "node": "4.x || >=6.0.0"
      },
      "peerDependencies": {
        "encoding": "^0.1.0"
      },
      "peerDependenciesMeta": {
        "encoding": {
          "optional": true
        }
      }
    },
    "node_modules/tr46": {
      "version": "0.0.3",
      "resolved": "https://registry.npmjs.org/tr46/-/tr46-0.0.3.tgz",
      "integrity": "sha512-N3WMsuqV66lT30CrXNbEjx4GEwlow3v6rr4mCcv6prnfwhS01rkgyFdjPNBYd9br7LpXV1+Emh01fHnq2Gdgrw=="
    },
    "node_modules/typescript": {
      "version": "4.8.4",
      "resolved": "https://registry.npmjs.org/typescript/-/typescript-4.8.4.tgz",
      "integrity": "sha512-QCh+85mCy+h0IGff8r5XWzOVSbBO+KfeYrMQh7NJ58QujwcE22u+NUSmUxqF+un70P9GXKxa2HCNiTTMJknyjQ==",
      "bin": {
        "tsc": "bin/tsc",
        "tsserver": "bin/tsserver"
      },
      "engines": {
        "node": ">=4.2.0"
      }
    },
    "node_modules/underscore": {
      "version": "1.13.1",
      "resolved": "https://registry.npmjs.org/underscore/-/underscore-1.13.1.tgz",
      "integrity": "sha512-hzSoAVtJF+3ZtiFX0VgfFPHEDRm7Y/QPjGyNo4TVdnDTdft3tr8hEkD25a1jC+TjTuE7tkHGKkhwCgs9dgBB2g=="
    },
    "node_modules/webidl-conversions": {
      "version": "3.0.1",
      "resolved": "https://registry.npmjs.org/webidl-conversions/-/webidl-conversions-3.0.1.tgz",
      "integrity": "sha512-2JAn3z8AR6rjK8Sm8orRC0h/bcl/DqL7tRPdGZ4I1CjdF+EaMLmYxBHyXuKL849eucPFhvBoxMsflfOb8kxaeQ=="
    },
    "node_modules/whatwg-url": {
      "version": "5.0.0",
      "resolved": "https://registry.npmjs.org/whatwg-url/-/whatwg-url-5.0.0.tgz",
      "integrity": "sha512-saE57nupxk6v3HY35+jzBwYa0rKSy0XR8JSxZPwgLr7ys0IBzhGviA1/TUGJLmSVqs8pb9AnvICXEuOHLprYTw==",
      "dependencies": {
        "tr46": "~0.0.3",
        "webidl-conversions": "^3.0.0"
      }
    },
    "node_modules/xtend": {
      "version": "4.0.2",
      "resolved": "https://registry.npmjs.org/xtend/-/xtend-4.0.2.tgz",
      "integrity": "sha512-LKYU1iAXJXUgAXn9URjiu+MWhyUXHsvfp7mcuYm9dSUKK0/CjtrUwFAxD82/mCWbtLsGjFIad0wIsod4zrTAEQ==",
      "engines": {
        "node": ">=0.4"
      }
    }
  },
  "dependencies": {
    "@types/jsonwebtoken": {
      "version": "8.5.5",
      "resolved": "https://registry.npmjs.org/@types/jsonwebtoken/-/jsonwebtoken-8.5.5.tgz",
      "integrity": "sha512-OGqtHQ7N5/Ap/TUwO6IgHDuLiAoTmHhGpNvgkCm/F4N6pKzx/RBSfr2OXZSwC6vkfnsEdb6+7DNZVtiXiwdwFw==",
      "dev": true,
      "requires": {
        "@types/node": "*"
      }
    },
    "@types/node": {
      "version": "16.10.2",
      "resolved": "https://registry.npmjs.org/@types/node/-/node-16.10.2.tgz",
      "integrity": "sha512-zCclL4/rx+W5SQTzFs9wyvvyCwoK9QtBpratqz2IYJ3O8Umrn0m3nsTv0wQBk9sRGpvUe9CwPDrQFB10f1FIjQ==",
      "dev": true
    },
    "base64-url": {
      "version": "2.3.3",
      "resolved": "https://registry.npmjs.org/base64-url/-/base64-url-2.3.3.tgz",
      "integrity": "sha512-dLMhIsK7OplcDauDH/tZLvK7JmUZK3A7KiQpjNzsBrM6Etw7hzNI1tLEywqJk9NnwkgWuFKSlx/IUO7vF6Mo8Q=="
    },
    "cross-fetch": {
      "version": "3.1.5",
      "resolved": "https://registry.npmjs.org/cross-fetch/-/cross-fetch-3.1.5.tgz",
      "integrity": "sha512-lvb1SBsI0Z7GDwmuid+mU3kWVBwTVUbe7S0H52yaaAdQOXq2YktTCZdlAcNKFzE6QtRz0snpw9bNiPeOIkkQvw==",
      "requires": {
        "node-fetch": "2.6.7"
      }
    },
    "dotenv": {
      "version": "16.0.3",
      "resolved": "https://registry.npmjs.org/dotenv/-/dotenv-16.0.3.tgz",
      "integrity": "sha512-7GO6HghkA5fYG9TYnNxi14/7K9f5occMlp3zXAuSxn7CKCxt9xbNWG7yF8hTCSUchlfWSe3uLmlPfigevRItzQ==",
      "dev": true
    },
    "es6-promise": {
      "version": "4.2.8",
      "resolved": "https://registry.npmjs.org/es6-promise/-/es6-promise-4.2.8.tgz",
      "integrity": "sha512-HJDGx5daxeIvxdBxvG2cb9g4tEvwIk3i8+nhX0yGrYmZUzbkdg8QbDevheDB8gd0//uPj4c1EQua8Q+MViT0/w==",
      "dev": true
    },
    "is.object": {
      "version": "1.0.0",
      "resolved": "https://registry.npmjs.org/is.object/-/is.object-1.0.0.tgz",
      "integrity": "sha512-BdDP6tLXkf0nrCnksLobALJxkt2hmrVL6ge1oRuzGU4Lb9NpreEbhhuCcY6HMzx/qo3Dff9DJ3jf0x9+U0bNMQ=="
    },
    "json-parse-safe": {
      "version": "2.0.0",
      "resolved": "https://registry.npmjs.org/json-parse-safe/-/json-parse-safe-2.0.0.tgz",
      "integrity": "sha512-aK7Ccg46n9JkRil/M5s8ytNP9wk0Tc0TsTDVMOYxB2cGsL7XFJ1vfWsurkVZy6zR55KZ+2SWHEuzQeZK4PH6lg=="
    },
    "json-web-token": {
      "version": "3.2.0",
      "resolved": "https://registry.npmjs.org/json-web-token/-/json-web-token-3.2.0.tgz",
      "integrity": "sha512-y+zDkON17Zk7X3Hf0Rv04k8N7cP1GDRonLLL7WkdnlHl1ur2hwta4MYzxG8nWhQWRBNlIp1erszhmo/65RSTIw==",
      "requires": {
        "base64-url": "^2.3.2",
        "is.object": "^1.0.0",
        "json-parse-safe": "^2.0.0",
        "xtend": "^4.0.2"
      }
    },
    "node-fetch": {
      "version": "2.6.7",
      "resolved": "https://registry.npmjs.org/node-fetch/-/node-fetch-2.6.7.tgz",
      "integrity": "sha512-ZjMPFEfVx5j+y2yF35Kzx5sF7kDzxuDj6ziH4FFbOp87zKDZNx8yExJIb05OGF4Nlt9IHFIMBkRl41VdvcNdbQ==",
      "requires": {
        "whatwg-url": "^5.0.0"
      }
    },
    "tr46": {
      "version": "0.0.3",
      "resolved": "https://registry.npmjs.org/tr46/-/tr46-0.0.3.tgz",
      "integrity": "sha512-N3WMsuqV66lT30CrXNbEjx4GEwlow3v6rr4mCcv6prnfwhS01rkgyFdjPNBYd9br7LpXV1+Emh01fHnq2Gdgrw=="
    },
    "typescript": {
      "version": "4.8.4",
      "resolved": "https://registry.npmjs.org/typescript/-/typescript-4.8.4.tgz",
      "integrity": "sha512-QCh+85mCy+h0IGff8r5XWzOVSbBO+KfeYrMQh7NJ58QujwcE22u+NUSmUxqF+un70P9GXKxa2HCNiTTMJknyjQ=="
    },
    "underscore": {
      "version": "1.13.1",
      "resolved": "https://registry.npmjs.org/underscore/-/underscore-1.13.1.tgz",
      "integrity": "sha512-hzSoAVtJF+3ZtiFX0VgfFPHEDRm7Y/QPjGyNo4TVdnDTdft3tr8hEkD25a1jC+TjTuE7tkHGKkhwCgs9dgBB2g=="
    },
    "webidl-conversions": {
      "version": "3.0.1",
      "resolved": "https://registry.npmjs.org/webidl-conversions/-/webidl-conversions-3.0.1.tgz",
      "integrity": "sha512-2JAn3z8AR6rjK8Sm8orRC0h/bcl/DqL7tRPdGZ4I1CjdF+EaMLmYxBHyXuKL849eucPFhvBoxMsflfOb8kxaeQ=="
    },
    "whatwg-url": {
      "version": "5.0.0",
      "resolved": "https://registry.npmjs.org/whatwg-url/-/whatwg-url-5.0.0.tgz",
      "integrity": "sha512-saE57nupxk6v3HY35+jzBwYa0rKSy0XR8JSxZPwgLr7ys0IBzhGviA1/TUGJLmSVqs8pb9AnvICXEuOHLprYTw==",
      "requires": {
        "tr46": "~0.0.3",
        "webidl-conversions": "^3.0.0"
      }
    },
    "xtend": {
      "version": "4.0.2",
      "resolved": "https://registry.npmjs.org/xtend/-/xtend-4.0.2.tgz",
      "integrity": "sha512-LKYU1iAXJXUgAXn9URjiu+MWhyUXHsvfp7mcuYm9dSUKK0/CjtrUwFAxD82/mCWbtLsGjFIad0wIsod4zrTAEQ=="
    }
  }
}
